{
  "name": "test",
  "version": "1.0.0",
  "lockfileVersion": 1,
  "requires": true,
  "dependencies": {
    "semantic-release-dangtuan21": {
      "version": "0.0.0-development",
      "resolved": "https://registry.npmjs.org/semantic-release-dangtuan21/-/semantic-release-dangtuan21-0.0.0-development.tgz",
      "integrity": "sha512-221rVgOOnDEDRnjTozIE0ZD81c07PFM3S5Gy3y0pWVwcuPKzEN9BWdM8sP2BRdBX0cHo3312387N29V9tJlqKA=="
    }
  }
}
